
Microsoft Visual Studio Solution File, Format Version 12.00
# Visual Studio Version 17
VisualStudioVersion = 17.7.34018.315
MinimumVisualStudioVersion = 10.0.40219.1
Project("{FAE04EC0-301F-11D3-BF4B-00C04F79EFBC}") = "StaticDemo", "StaticDemo\StaticDemo.csproj", "{52D7FA24-1ED7-4B8E-94AC-238DD5CF2058}"
EndProject
Global
	GlobalSection(SolutionConfigurationPlatforms) = preSolution
		Debug|Any CPU = Debug|Any CPU
		Release|Any CPU = Release|Any CPU
	EndGlobalSection
	GlobalSection(ProjectConfigurationPlatforms) = postSolution
		{52D7FA24-1ED7-4B8E-94AC-238DD5CF2058}.Debug|Any CPU.ActiveCfg = Debug|Any CPU
		{52D7FA24-1ED7-4B8E-94AC-238DD5CF2058}.Debug|Any CPU.Build.0 = Debug|Any CPU
		{52D7FA24-1ED7-4B8E-94AC-238DD5CF2058}.Release|Any CPU.ActiveCfg = Release|Any CPU
		{52D7FA24-1ED7-4B8E-94AC-238DD5CF2058}.Release|Any CPU.Build.0 = Release|Any CPU
	EndGlobalSection
	GlobalSection(SolutionProperties) = preSolution
		HideSolutionNode = FALSE
	EndGlobalSection
	GlobalSection(ExtensibilityGlobals) = postSolution
		SolutionGuid = {0691F637-3D8D-4BD6-8AE4-5729CFB9D849}
	EndGlobalSection
EndGlobal
