
Microsoft Visual Studio Solution File, Format Version 12.00
# Visual Studio Version 17
VisualStudioVersion = 17.7.34018.315
MinimumVisualStudioVersion = 10.0.40219.1
Project("{FAE04EC0-301F-11D3-BF4B-00C04F79EFBC}") = "OOPRelations", "OOPRelations\OOPRelations.csproj", "{FA0487D7-BD69-4C33-90C3-66EA72F0CA13}"
EndProject
Global
	GlobalSection(SolutionConfigurationPlatforms) = preSolution
		Debug|Any CPU = Debug|Any CPU
		Release|Any CPU = Release|Any CPU
	EndGlobalSection
	GlobalSection(ProjectConfigurationPlatforms) = postSolution
		{FA0487D7-BD69-4C33-90C3-66EA72F0CA13}.Debug|Any CPU.ActiveCfg = Debug|Any CPU
		{FA0487D7-BD69-4C33-90C3-66EA72F0CA13}.Debug|Any CPU.Build.0 = Debug|Any CPU
		{FA0487D7-BD69-4C33-90C3-66EA72F0CA13}.Release|Any CPU.ActiveCfg = Release|Any CPU
		{FA0487D7-BD69-4C33-90C3-66EA72F0CA13}.Release|Any CPU.Build.0 = Release|Any CPU
	EndGlobalSection
	GlobalSection(SolutionProperties) = preSolution
		HideSolutionNode = FALSE
	EndGlobalSection
	GlobalSection(ExtensibilityGlobals) = postSolution
		SolutionGuid = {0FD3F837-A953-491C-9411-A054BFE1D9BD}
	EndGlobalSection
EndGlobal
